
Microsoft Visual Studio Solution File, Format Version 12.00
# Visual Studio Version 17
VisualStudioVersion = 17.11.35303.130
MinimumVisualStudioVersion = 10.0.40219.1
Project("{FAE04EC0-301F-11D3-BF4B-00C04F79EFBC}") = "Lab-1", "Lab-1\Lab-1.csproj", "{2AA232F8-7F27-462D-8F7C-A7190BEFF422}"
EndProject
Global
	GlobalSection(SolutionConfigurationPlatforms) = preSolution
		Debug|Any CPU = Debug|Any CPU
		Release|Any CPU = Release|Any CPU
	EndGlobalSection
	GlobalSection(ProjectConfigurationPlatforms) = postSolution
		{2AA232F8-7F27-462D-8F7C-A7190BEFF422}.Debug|Any CPU.ActiveCfg = Debug|Any CPU
		{2AA232F8-7F27-462D-8F7C-A7190BEFF422}.Debug|Any CPU.Build.0 = Debug|Any CPU
		{2AA232F8-7F27-462D-8F7C-A7190BEFF422}.Release|Any CPU.ActiveCfg = Release|Any CPU
		{2AA232F8-7F27-462D-8F7C-A7190BEFF422}.Release|Any CPU.Build.0 = Release|Any CPU
	EndGlobalSection
	GlobalSection(SolutionProperties) = preSolution
		HideSolutionNode = FALSE
	EndGlobalSection
	GlobalSection(ExtensibilityGlobals) = postSolution
		SolutionGuid = {C9FF63F4-8B0B-49CE-BC02-5C1E86607FFC}
	EndGlobalSection
EndGlobal
